{
  "lockfileVersion": 1,
  "workspaces": {
    "": {
      "name": "haptics",
      "devDependencies": {
        "@types/bun": "latest",
        "typescript": "^5",
        "unbuild": "^3.5.0",
      },
    },
  },
  "packages": {
    "@babel/code-frame": ["@babel/code-frame@7.27.1", "", { "dependencies": { "@babel/helper-validator-identifier": "^7.27.1", "js-tokens": "^4.0.0", "picocolors": "^1.1.1" } }, "sha512-cjQ7ZlQ0Mv3b47hABuTevyTuYN4i+loJKGeV9flcCgIK37cCXRh+L1bd3iBHlynerhQ7BhCkn2BPbQUL+rGqFg=="],

    "@babel/helper-validator-identifier": ["@babel/helper-validator-identifier@7.27.1", "", {}, "sha512-D2hP9eA+Sqx1kBZgzxZh0y1trbuU+JoDkiEwqhQ36nodYqJwyEIhPSdMNd7lOm/4io72luTPWH20Yda0xOuUow=="],

    "@esbuild/aix-ppc64": ["@esbuild/aix-ppc64@0.25.5", "", { "os": "aix", "cpu": "ppc64" }, "sha512-9o3TMmpmftaCMepOdA5k/yDw8SfInyzWWTjYTFCX3kPSDJMROQTb8jg+h9Cnwnmm1vOzvxN7gIfB5V2ewpjtGA=="],

    "@esbuild/android-arm": ["@esbuild/android-arm@0.25.5", "", { "os": "android", "cpu": "arm" }, "sha512-AdJKSPeEHgi7/ZhuIPtcQKr5RQdo6OO2IL87JkianiMYMPbCtot9fxPbrMiBADOWWm3T2si9stAiVsGbTQFkbA=="],

    "@esbuild/android-arm64": ["@esbuild/android-arm64@0.25.5", "", { "os": "android", "cpu": "arm64" }, "sha512-VGzGhj4lJO+TVGV1v8ntCZWJktV7SGCs3Pn1GRWI1SBFtRALoomm8k5E9Pmwg3HOAal2VDc2F9+PM/rEY6oIDg=="],

    "@esbuild/android-x64": ["@esbuild/android-x64@0.25.5", "", { "os": "android", "cpu": "x64" }, "sha512-D2GyJT1kjvO//drbRT3Hib9XPwQeWd9vZoBJn+bu/lVsOZ13cqNdDeqIF/xQ5/VmWvMduP6AmXvylO/PIc2isw=="],

    "@esbuild/darwin-arm64": ["@esbuild/darwin-arm64@0.25.5", "", { "os": "darwin", "cpu": "arm64" }, "sha512-GtaBgammVvdF7aPIgH2jxMDdivezgFu6iKpmT+48+F8Hhg5J/sfnDieg0aeG/jfSvkYQU2/pceFPDKlqZzwnfQ=="],

    "@esbuild/darwin-x64": ["@esbuild/darwin-x64@0.25.5", "", { "os": "darwin", "cpu": "x64" }, "sha512-1iT4FVL0dJ76/q1wd7XDsXrSW+oLoquptvh4CLR4kITDtqi2e/xwXwdCVH8hVHU43wgJdsq7Gxuzcs6Iq/7bxQ=="],

    "@esbuild/freebsd-arm64": ["@esbuild/freebsd-arm64@0.25.5", "", { "os": "freebsd", "cpu": "arm64" }, "sha512-nk4tGP3JThz4La38Uy/gzyXtpkPW8zSAmoUhK9xKKXdBCzKODMc2adkB2+8om9BDYugz+uGV7sLmpTYzvmz6Sw=="],

    "@esbuild/freebsd-x64": ["@esbuild/freebsd-x64@0.25.5", "", { "os": "freebsd", "cpu": "x64" }, "sha512-PrikaNjiXdR2laW6OIjlbeuCPrPaAl0IwPIaRv+SMV8CiM8i2LqVUHFC1+8eORgWyY7yhQY+2U2fA55mBzReaw=="],

    "@esbuild/linux-arm": ["@esbuild/linux-arm@0.25.5", "", { "os": "linux", "cpu": "arm" }, "sha512-cPzojwW2okgh7ZlRpcBEtsX7WBuqbLrNXqLU89GxWbNt6uIg78ET82qifUy3W6OVww6ZWobWub5oqZOVtwolfw=="],

    "@esbuild/linux-arm64": ["@esbuild/linux-arm64@0.25.5", "", { "os": "linux", "cpu": "arm64" }, "sha512-Z9kfb1v6ZlGbWj8EJk9T6czVEjjq2ntSYLY2cw6pAZl4oKtfgQuS4HOq41M/BcoLPzrUbNd+R4BXFyH//nHxVg=="],

    "@esbuild/linux-ia32": ["@esbuild/linux-ia32@0.25.5", "", { "os": "linux", "cpu": "ia32" }, "sha512-sQ7l00M8bSv36GLV95BVAdhJ2QsIbCuCjh/uYrWiMQSUuV+LpXwIqhgJDcvMTj+VsQmqAHL2yYaasENvJ7CDKA=="],

    "@esbuild/linux-loong64": ["@esbuild/linux-loong64@0.25.5", "", { "os": "linux", "cpu": "none" }, "sha512-0ur7ae16hDUC4OL5iEnDb0tZHDxYmuQyhKhsPBV8f99f6Z9KQM02g33f93rNH5A30agMS46u2HP6qTdEt6Q1kg=="],

    "@esbuild/linux-mips64el": ["@esbuild/linux-mips64el@0.25.5", "", { "os": "linux", "cpu": "none" }, "sha512-kB/66P1OsHO5zLz0i6X0RxlQ+3cu0mkxS3TKFvkb5lin6uwZ/ttOkP3Z8lfR9mJOBk14ZwZ9182SIIWFGNmqmg=="],

    "@esbuild/linux-ppc64": ["@esbuild/linux-ppc64@0.25.5", "", { "os": "linux", "cpu": "ppc64" }, "sha512-UZCmJ7r9X2fe2D6jBmkLBMQetXPXIsZjQJCjgwpVDz+YMcS6oFR27alkgGv3Oqkv07bxdvw7fyB71/olceJhkQ=="],

    "@esbuild/linux-riscv64": ["@esbuild/linux-riscv64@0.25.5", "", { "os": "linux", "cpu": "none" }, "sha512-kTxwu4mLyeOlsVIFPfQo+fQJAV9mh24xL+y+Bm6ej067sYANjyEw1dNHmvoqxJUCMnkBdKpvOn0Ahql6+4VyeA=="],

    "@esbuild/linux-s390x": ["@esbuild/linux-s390x@0.25.5", "", { "os": "linux", "cpu": "s390x" }, "sha512-K2dSKTKfmdh78uJ3NcWFiqyRrimfdinS5ErLSn3vluHNeHVnBAFWC8a4X5N+7FgVE1EjXS1QDZbpqZBjfrqMTQ=="],

    "@esbuild/linux-x64": ["@esbuild/linux-x64@0.25.5", "", { "os": "linux", "cpu": "x64" }, "sha512-uhj8N2obKTE6pSZ+aMUbqq+1nXxNjZIIjCjGLfsWvVpy7gKCOL6rsY1MhRh9zLtUtAI7vpgLMK6DxjO8Qm9lJw=="],

    "@esbuild/netbsd-arm64": ["@esbuild/netbsd-arm64@0.25.5", "", { "os": "none", "cpu": "arm64" }, "sha512-pwHtMP9viAy1oHPvgxtOv+OkduK5ugofNTVDilIzBLpoWAM16r7b/mxBvfpuQDpRQFMfuVr5aLcn4yveGvBZvw=="],

    "@esbuild/netbsd-x64": ["@esbuild/netbsd-x64@0.25.5", "", { "os": "none", "cpu": "x64" }, "sha512-WOb5fKrvVTRMfWFNCroYWWklbnXH0Q5rZppjq0vQIdlsQKuw6mdSihwSo4RV/YdQ5UCKKvBy7/0ZZYLBZKIbwQ=="],

    "@esbuild/openbsd-arm64": ["@esbuild/openbsd-arm64@0.25.5", "", { "os": "openbsd", "cpu": "arm64" }, "sha512-7A208+uQKgTxHd0G0uqZO8UjK2R0DDb4fDmERtARjSHWxqMTye4Erz4zZafx7Di9Cv+lNHYuncAkiGFySoD+Mw=="],

    "@esbuild/openbsd-x64": ["@esbuild/openbsd-x64@0.25.5", "", { "os": "openbsd", "cpu": "x64" }, "sha512-G4hE405ErTWraiZ8UiSoesH8DaCsMm0Cay4fsFWOOUcz8b8rC6uCvnagr+gnioEjWn0wC+o1/TAHt+It+MpIMg=="],

    "@esbuild/sunos-x64": ["@esbuild/sunos-x64@0.25.5", "", { "os": "sunos", "cpu": "x64" }, "sha512-l+azKShMy7FxzY0Rj4RCt5VD/q8mG/e+mDivgspo+yL8zW7qEwctQ6YqKX34DTEleFAvCIUviCFX1SDZRSyMQA=="],

    "@esbuild/win32-arm64": ["@esbuild/win32-arm64@0.25.5", "", { "os": "win32", "cpu": "arm64" }, "sha512-O2S7SNZzdcFG7eFKgvwUEZ2VG9D/sn/eIiz8XRZ1Q/DO5a3s76Xv0mdBzVM5j5R639lXQmPmSo0iRpHqUUrsxw=="],

    "@esbuild/win32-ia32": ["@esbuild/win32-ia32@0.25.5", "", { "os": "win32", "cpu": "ia32" }, "sha512-onOJ02pqs9h1iMJ1PQphR+VZv8qBMQ77Klcsqv9CNW2w6yLqoURLcgERAIurY6QE63bbLuqgP9ATqajFLK5AMQ=="],

    "@esbuild/win32-x64": ["@esbuild/win32-x64@0.25.5", "", { "os": "win32", "cpu": "x64" }, "sha512-TXv6YnJ8ZMVdX+SXWVBo/0p8LTcrUYngpWjvm91TMjjBQii7Oz11Lw5lbDV5Y0TzuhSJHwiH4hEtC1I42mMS0g=="],

    "@jridgewell/sourcemap-codec": ["@jridgewell/sourcemap-codec@1.5.0", "", {}, "sha512-gv3ZRaISU3fjPAgNsriBRqGWQL6quFx04YMPW/zD8XMLsU32mhCCbfbO6KZFLjvYpCZ8zyDEgqsgf+PwPaM7GQ=="],

    "@rollup/plugin-alias": ["@rollup/plugin-alias@5.1.1", "", { "peerDependencies": { "rollup": "^1.20.0||^2.0.0||^3.0.0||^4.0.0" }, "optionalPeers": ["rollup"] }, "sha512-PR9zDb+rOzkRb2VD+EuKB7UC41vU5DIwZ5qqCpk0KJudcWAyi8rvYOhS7+L5aZCspw1stTViLgN5v6FF1p5cgQ=="],

    "@rollup/plugin-commonjs": ["@rollup/plugin-commonjs@28.0.5", "", { "dependencies": { "@rollup/pluginutils": "^5.0.1", "commondir": "^1.0.1", "estree-walker": "^2.0.2", "fdir": "^6.2.0", "is-reference": "1.2.1", "magic-string": "^0.30.3", "picomatch": "^4.0.2" }, "peerDependencies": { "rollup": "^2.68.0||^3.0.0||^4.0.0" }, "optionalPeers": ["rollup"] }, "sha512-lytLp2JgAMwqJY6ve3OSROXr2XuEYHjnsQN3hmnxC+w11dI91LuUw4Yc1kk2FqKXeMG8psoFejFgK+znoij0cg=="],

    "@rollup/plugin-json": ["@rollup/plugin-json@6.1.0", "", { "dependencies": { "@rollup/pluginutils": "^5.1.0" }, "peerDependencies": { "rollup": "^1.20.0||^2.0.0||^3.0.0||^4.0.0" }, "optionalPeers": ["rollup"] }, "sha512-EGI2te5ENk1coGeADSIwZ7G2Q8CJS2sF120T7jLw4xFw9n7wIOXHo+kIYRAoVpJAN+kmqZSoO3Fp4JtoNF4ReA=="],

    "@rollup/plugin-node-resolve": ["@rollup/plugin-node-resolve@16.0.1", "", { "dependencies": { "@rollup/pluginutils": "^5.0.1", "@types/resolve": "1.20.2", "deepmerge": "^4.2.2", "is-module": "^1.0.0", "resolve": "^1.22.1" }, "peerDependencies": { "rollup": "^2.78.0||^3.0.0||^4.0.0" }, "optionalPeers": ["rollup"] }, "sha512-tk5YCxJWIG81umIvNkSod2qK5KyQW19qcBF/B78n1bjtOON6gzKoVeSzAE8yHCZEDmqkHKkxplExA8KzdJLJpA=="],

    "@rollup/plugin-replace": ["@rollup/plugin-replace@6.0.2", "", { "dependencies": { "@rollup/pluginutils": "^5.0.1", "magic-string": "^0.30.3" }, "peerDependencies": { "rollup": "^1.20.0||^2.0.0||^3.0.0||^4.0.0" }, "optionalPeers": ["rollup"] }, "sha512-7QaYCf8bqF04dOy7w/eHmJeNExxTYwvKAmlSAH/EaWWUzbT0h5sbF6bktFoX/0F/0qwng5/dWFMyf3gzaM8DsQ=="],

    "@rollup/pluginutils": ["@rollup/pluginutils@5.1.4", "", { "dependencies": { "@types/estree": "^1.0.0", "estree-walker": "^2.0.2", "picomatch": "^4.0.2" }, "peerDependencies": { "rollup": "^1.20.0||^2.0.0||^3.0.0||^4.0.0" }, "optionalPeers": ["rollup"] }, "sha512-USm05zrsFxYLPdWWq+K3STlWiT/3ELn3RcV5hJMghpeAIhxfsUIg6mt12CBJBInWMV4VneoV7SfGv8xIwo2qNQ=="],

    "@rollup/rollup-android-arm-eabi": ["@rollup/rollup-android-arm-eabi@4.43.0", "", { "os": "android", "cpu": "arm" }, "sha512-Krjy9awJl6rKbruhQDgivNbD1WuLb8xAclM4IR4cN5pHGAs2oIMMQJEiC3IC/9TZJ+QZkmZhlMO/6MBGxPidpw=="],

    "@rollup/rollup-android-arm64": ["@rollup/rollup-android-arm64@4.43.0", "", { "os": "android", "cpu": "arm64" }, "sha512-ss4YJwRt5I63454Rpj+mXCXicakdFmKnUNxr1dLK+5rv5FJgAxnN7s31a5VchRYxCFWdmnDWKd0wbAdTr0J5EA=="],

    "@rollup/rollup-darwin-arm64": ["@rollup/rollup-darwin-arm64@4.43.0", "", { "os": "darwin", "cpu": "arm64" }, "sha512-eKoL8ykZ7zz8MjgBenEF2OoTNFAPFz1/lyJ5UmmFSz5jW+7XbH1+MAgCVHy72aG59rbuQLcJeiMrP8qP5d/N0A=="],

    "@rollup/rollup-darwin-x64": ["@rollup/rollup-darwin-x64@4.43.0", "", { "os": "darwin", "cpu": "x64" }, "sha512-SYwXJgaBYW33Wi/q4ubN+ldWC4DzQY62S4Ll2dgfr/dbPoF50dlQwEaEHSKrQdSjC6oIe1WgzosoaNoHCdNuMg=="],

    "@rollup/rollup-freebsd-arm64": ["@rollup/rollup-freebsd-arm64@4.43.0", "", { "os": "freebsd", "cpu": "arm64" }, "sha512-SV+U5sSo0yujrjzBF7/YidieK2iF6E7MdF6EbYxNz94lA+R0wKl3SiixGyG/9Klab6uNBIqsN7j4Y/Fya7wAjQ=="],

    "@rollup/rollup-freebsd-x64": ["@rollup/rollup-freebsd-x64@4.43.0", "", { "os": "freebsd", "cpu": "x64" }, "sha512-J7uCsiV13L/VOeHJBo5SjasKiGxJ0g+nQTrBkAsmQBIdil3KhPnSE9GnRon4ejX1XDdsmK/l30IYLiAaQEO0Cg=="],

    "@rollup/rollup-linux-arm-gnueabihf": ["@rollup/rollup-linux-arm-gnueabihf@4.43.0", "", { "os": "linux", "cpu": "arm" }, "sha512-gTJ/JnnjCMc15uwB10TTATBEhK9meBIY+gXP4s0sHD1zHOaIh4Dmy1X9wup18IiY9tTNk5gJc4yx9ctj/fjrIw=="],

    "@rollup/rollup-linux-arm-musleabihf": ["@rollup/rollup-linux-arm-musleabihf@4.43.0", "", { "os": "linux", "cpu": "arm" }, "sha512-ZJ3gZynL1LDSIvRfz0qXtTNs56n5DI2Mq+WACWZ7yGHFUEirHBRt7fyIk0NsCKhmRhn7WAcjgSkSVVxKlPNFFw=="],

    "@rollup/rollup-linux-arm64-gnu": ["@rollup/rollup-linux-arm64-gnu@4.43.0", "", { "os": "linux", "cpu": "arm64" }, "sha512-8FnkipasmOOSSlfucGYEu58U8cxEdhziKjPD2FIa0ONVMxvl/hmONtX/7y4vGjdUhjcTHlKlDhw3H9t98fPvyA=="],

    "@rollup/rollup-linux-arm64-musl": ["@rollup/rollup-linux-arm64-musl@4.43.0", "", { "os": "linux", "cpu": "arm64" }, "sha512-KPPyAdlcIZ6S9C3S2cndXDkV0Bb1OSMsX0Eelr2Bay4EsF9yi9u9uzc9RniK3mcUGCLhWY9oLr6er80P5DE6XA=="],

    "@rollup/rollup-linux-loongarch64-gnu": ["@rollup/rollup-linux-loongarch64-gnu@4.43.0", "", { "os": "linux", "cpu": "none" }, "sha512-HPGDIH0/ZzAZjvtlXj6g+KDQ9ZMHfSP553za7o2Odegb/BEfwJcR0Sw0RLNpQ9nC6Gy8s+3mSS9xjZ0n3rhcYg=="],

    "@rollup/rollup-linux-powerpc64le-gnu": ["@rollup/rollup-linux-powerpc64le-gnu@4.43.0", "", { "os": "linux", "cpu": "ppc64" }, "sha512-gEmwbOws4U4GLAJDhhtSPWPXUzDfMRedT3hFMyRAvM9Mrnj+dJIFIeL7otsv2WF3D7GrV0GIewW0y28dOYWkmw=="],

    "@rollup/rollup-linux-riscv64-gnu": ["@rollup/rollup-linux-riscv64-gnu@4.43.0", "", { "os": "linux", "cpu": "none" }, "sha512-XXKvo2e+wFtXZF/9xoWohHg+MuRnvO29TI5Hqe9xwN5uN8NKUYy7tXUG3EZAlfchufNCTHNGjEx7uN78KsBo0g=="],

    "@rollup/rollup-linux-riscv64-musl": ["@rollup/rollup-linux-riscv64-musl@4.43.0", "", { "os": "linux", "cpu": "none" }, "sha512-ruf3hPWhjw6uDFsOAzmbNIvlXFXlBQ4nk57Sec8E8rUxs/AI4HD6xmiiasOOx/3QxS2f5eQMKTAwk7KHwpzr/Q=="],

    "@rollup/rollup-linux-s390x-gnu": ["@rollup/rollup-linux-s390x-gnu@4.43.0", "", { "os": "linux", "cpu": "s390x" }, "sha512-QmNIAqDiEMEvFV15rsSnjoSmO0+eJLoKRD9EAa9rrYNwO/XRCtOGM3A5A0X+wmG+XRrw9Fxdsw+LnyYiZWWcVw=="],

    "@rollup/rollup-linux-x64-gnu": ["@rollup/rollup-linux-x64-gnu@4.43.0", "", { "os": "linux", "cpu": "x64" }, "sha512-jAHr/S0iiBtFyzjhOkAics/2SrXE092qyqEg96e90L3t9Op8OTzS6+IX0Fy5wCt2+KqeHAkti+eitV0wvblEoQ=="],

    "@rollup/rollup-linux-x64-musl": ["@rollup/rollup-linux-x64-musl@4.43.0", "", { "os": "linux", "cpu": "x64" }, "sha512-3yATWgdeXyuHtBhrLt98w+5fKurdqvs8B53LaoKD7P7H7FKOONLsBVMNl9ghPQZQuYcceV5CDyPfyfGpMWD9mQ=="],

    "@rollup/rollup-win32-arm64-msvc": ["@rollup/rollup-win32-arm64-msvc@4.43.0", "", { "os": "win32", "cpu": "arm64" }, "sha512-wVzXp2qDSCOpcBCT5WRWLmpJRIzv23valvcTwMHEobkjippNf+C3ys/+wf07poPkeNix0paTNemB2XrHr2TnGw=="],

    "@rollup/rollup-win32-ia32-msvc": ["@rollup/rollup-win32-ia32-msvc@4.43.0", "", { "os": "win32", "cpu": "ia32" }, "sha512-fYCTEyzf8d+7diCw8b+asvWDCLMjsCEA8alvtAutqJOJp/wL5hs1rWSqJ1vkjgW0L2NB4bsYJrpKkiIPRR9dvw=="],

    "@rollup/rollup-win32-x64-msvc": ["@rollup/rollup-win32-x64-msvc@4.43.0", "", { "os": "win32", "cpu": "x64" }, "sha512-SnGhLiE5rlK0ofq8kzuDkM0g7FN1s5VYY+YSMTibP7CqShxCQvqtNxTARS4xX4PFJfHjG0ZQYX9iGzI3FQh5Aw=="],

    "@trysound/sax": ["@trysound/sax@0.2.0", "", {}, "sha512-L7z9BgrNEcYyUYtF+HaEfiS5ebkh9jXqbszz7pC0hRBPaatV0XjSD3+eHrpqFemQfgwiFF0QPIarnIihIDn7OA=="],

    "@types/bun": ["@types/bun@1.2.16", "", { "dependencies": { "bun-types": "1.2.16" } }, "sha512-1aCZJ/6nSiViw339RsaNhkNoEloLaPzZhxMOYEa7OzRzO41IGg5n/7I43/ZIAW/c+Q6cT12Vf7fOZOoVIzb5BQ=="],

    "@types/estree": ["@types/estree@1.0.7", "", {}, "sha512-w28IoSUCJpidD/TGviZwwMJckNESJZXFu7NBZ5YJ4mEUnNraUn9Pm8HSZm/jDF1pDWYKspWE7oVphigUPRakIQ=="],

    "@types/node": ["@types/node@24.0.1", "", { "dependencies": { "undici-types": "~7.8.0" } }, "sha512-MX4Zioh39chHlDJbKmEgydJDS3tspMP/lnQC67G3SWsTnb9NeYVWOjkxpOSy4oMfPs4StcWHwBrvUb4ybfnuaw=="],

    "@types/resolve": ["@types/resolve@1.20.2", "", {}, "sha512-60BCwRFOZCQhDncwQdxxeOEEkbc5dIMccYLwbxsS4TUNeVECQ/pBJ0j09mrHOl/JJvpRPGwO9SvE4nR2Nb/a4Q=="],

    "acorn": ["acorn@8.15.0", "", { "bin": { "acorn": "bin/acorn" } }, "sha512-NZyJarBfL7nWwIq+FDL6Zp/yHEhePMNnnJ0y3qfieCrmNvYct8uvtiV41UvlSe6apAfk0fY1FbWx+NwfmpvtTg=="],

    "autoprefixer": ["autoprefixer@10.4.21", "", { "dependencies": { "browserslist": "^4.24.4", "caniuse-lite": "^1.0.30001702", "fraction.js": "^4.3.7", "normalize-range": "^0.1.2", "picocolors": "^1.1.1", "postcss-value-parser": "^4.2.0" }, "peerDependencies": { "postcss": "^8.1.0" }, "bin": { "autoprefixer": "bin/autoprefixer" } }, "sha512-O+A6LWV5LDHSJD3LjHYoNi4VLsj/Whi7k6zG12xTYaU4cQ8oxQGckXNX8cRHK5yOZ/ppVHe0ZBXGzSV9jXdVbQ=="],

    "boolbase": ["boolbase@1.0.0", "", {}, "sha512-JZOSA7Mo9sNGB8+UjSgzdLtokWAky1zbztM3WRLCbZ70/3cTANmQmOdR7y2g+J0e2WXywy1yS468tY+IruqEww=="],

    "browserslist": ["browserslist@4.25.0", "", { "dependencies": { "caniuse-lite": "^1.0.30001718", "electron-to-chromium": "^1.5.160", "node-releases": "^2.0.19", "update-browserslist-db": "^1.1.3" }, "bin": { "browserslist": "cli.js" } }, "sha512-PJ8gYKeS5e/whHBh8xrwYK+dAvEj7JXtz6uTucnMRB8OiGTsKccFekoRrjajPBHV8oOY+2tI4uxeceSimKwMFA=="],

    "bun-types": ["bun-types@1.2.16", "", { "dependencies": { "@types/node": "*" } }, "sha512-ciXLrHV4PXax9vHvUrkvun9VPVGOVwbbbBF/Ev1cXz12lyEZMoJpIJABOfPcN9gDJRaiKF9MVbSygLg4NXu3/A=="],

    "caniuse-api": ["caniuse-api@3.0.0", "", { "dependencies": { "browserslist": "^4.0.0", "caniuse-lite": "^1.0.0", "lodash.memoize": "^4.1.2", "lodash.uniq": "^4.5.0" } }, "sha512-bsTwuIg/BZZK/vreVTYYbSWoe2F+71P7K5QGEX+pT250DZbfU1MQ5prOKpPR+LL6uWKK3KMwMCAS74QB3Um1uw=="],

    "caniuse-lite": ["caniuse-lite@1.0.30001723", "", {}, "sha512-1R/elMjtehrFejxwmexeXAtae5UO9iSyFn6G/I806CYC/BLyyBk1EPhrKBkWhy6wM6Xnm47dSJQec+tLJ39WHw=="],

    "citty": ["citty@0.1.6", "", { "dependencies": { "consola": "^3.2.3" } }, "sha512-tskPPKEs8D2KPafUypv2gxwJP8h/OaJmC82QQGGDQcHvXX43xF2VDACcJVmZ0EuSxkpO9Kc4MlrA3q0+FG58AQ=="],

    "colord": ["colord@2.9.3", "", {}, "sha512-jeC1axXpnb0/2nn/Y1LPuLdgXBLH7aDcHu4KEKfqw3CUhX7ZpfBSlPKyqXE6btIgEzfWtrX3/tyBCaCvXvMkOw=="],

    "commander": ["commander@7.2.0", "", {}, "sha512-QrWXB+ZQSVPmIWIhtEO9H+gwHaMGYiF5ChvoJ+K9ZGHG/sVsa6yiesAD1GC/x46sET00Xlwo1u49RVVVzvcSkw=="],

    "commondir": ["commondir@1.0.1", "", {}, "sha512-W9pAhw0ja1Edb5GVdIF1mjZw/ASI0AlShXM83UUGe2DVr5TdAPEA1OA8m/g8zWp9x6On7gqufY+FatDbC3MDQg=="],

    "confbox": ["confbox@0.2.2", "", {}, "sha512-1NB+BKqhtNipMsov4xI/NnhCKp9XG9NamYp5PVm9klAT0fsrNPjaFICsCFhNhwZJKNh7zB/3q8qXz0E9oaMNtQ=="],

    "consola": ["consola@3.4.2", "", {}, "sha512-5IKcdX0nnYavi6G7TtOhwkYzyjfJlatbjMjuLSfE2kYT5pMDOilZ4OvMhi637CcDICTmz3wARPoyhqyX1Y+XvA=="],

    "css-declaration-sorter": ["css-declaration-sorter@7.2.0", "", { "peerDependencies": { "postcss": "^8.0.9" } }, "sha512-h70rUM+3PNFuaBDTLe8wF/cdWu+dOZmb7pJt8Z2sedYbAcQVQV/tEchueg3GWxwqS0cxtbxmaHEdkNACqcvsow=="],

    "css-select": ["css-select@5.1.0", "", { "dependencies": { "boolbase": "^1.0.0", "css-what": "^6.1.0", "domhandler": "^5.0.2", "domutils": "^3.0.1", "nth-check": "^2.0.1" } }, "sha512-nwoRF1rvRRnnCqqY7updORDsuqKzqYJ28+oSMaJMMgOauh3fvwHqMS7EZpIPqK8GL+g9mKxF1vP/ZjSeNjEVHg=="],

    "css-tree": ["css-tree@2.3.1", "", { "dependencies": { "mdn-data": "2.0.30", "source-map-js": "^1.0.1" } }, "sha512-6Fv1DV/TYw//QF5IzQdqsNDjx/wc8TrMBZsqjL9eW01tWb7R7k/mq+/VXfJCl7SoD5emsJop9cOByJZfs8hYIw=="],

    "css-what": ["css-what@6.1.0", "", {}, "sha512-HTUrgRJ7r4dsZKU6GjmpfRK1O76h97Z8MfS1G0FozR+oF2kG6Vfe8JE6zwrkbxigziPHinCJ+gCPjA9EaBDtRw=="],

    "cssesc": ["cssesc@3.0.0", "", { "bin": { "cssesc": "bin/cssesc" } }, "sha512-/Tb/JcjK111nNScGob5MNtsntNM1aCNUDipB/TkwZFhyDrrE47SOx/18wF2bbjgc3ZzCSKW1T5nt5EbFoAz/Vg=="],

    "cssnano": ["cssnano@7.0.7", "", { "dependencies": { "cssnano-preset-default": "^7.0.7", "lilconfig": "^3.1.3" }, "peerDependencies": { "postcss": "^8.4.32" } }, "sha512-evKu7yiDIF7oS+EIpwFlMF730ijRyLFaM2o5cTxRGJR9OKHKkc+qP443ZEVR9kZG0syaAJJCPJyfv5pbrxlSng=="],

    "cssnano-preset-default": ["cssnano-preset-default@7.0.7", "", { "dependencies": { "browserslist": "^4.24.5", "css-declaration-sorter": "^7.2.0", "cssnano-utils": "^5.0.1", "postcss-calc": "^10.1.1", "postcss-colormin": "^7.0.3", "postcss-convert-values": "^7.0.5", "postcss-discard-comments": "^7.0.4", "postcss-discard-duplicates": "^7.0.2", "postcss-discard-empty": "^7.0.1", "postcss-discard-overridden": "^7.0.1", "postcss-merge-longhand": "^7.0.5", "postcss-merge-rules": "^7.0.5", "postcss-minify-font-values": "^7.0.1", "postcss-minify-gradients": "^7.0.1", "postcss-minify-params": "^7.0.3", "postcss-minify-selectors": "^7.0.5", "postcss-normalize-charset": "^7.0.1", "postcss-normalize-display-values": "^7.0.1", "postcss-normalize-positions": "^7.0.1", "postcss-normalize-repeat-style": "^7.0.1", "postcss-normalize-string": "^7.0.1", "postcss-normalize-timing-functions": "^7.0.1", "postcss-normalize-unicode": "^7.0.3", "postcss-normalize-url": "^7.0.1", "postcss-normalize-whitespace": "^7.0.1", "postcss-ordered-values": "^7.0.2", "postcss-reduce-initial": "^7.0.3", "postcss-reduce-transforms": "^7.0.1", "postcss-svgo": "^7.0.2", "postcss-unique-selectors": "^7.0.4" }, "peerDependencies": { "postcss": "^8.4.32" } }, "sha512-jW6CG/7PNB6MufOrlovs1TvBTEVmhY45yz+bd0h6nw3h6d+1e+/TX+0fflZ+LzvZombbT5f+KC063w9VoHeHow=="],

    "cssnano-utils": ["cssnano-utils@5.0.1", "", { "peerDependencies": { "postcss": "^8.4.32" } }, "sha512-ZIP71eQgG9JwjVZsTPSqhc6GHgEr53uJ7tK5///VfyWj6Xp2DBmixWHqJgPno+PqATzn48pL42ww9x5SSGmhZg=="],

    "csso": ["csso@5.0.5", "", { "dependencies": { "css-tree": "~2.2.0" } }, "sha512-0LrrStPOdJj+SPCCrGhzryycLjwcgUSHBtxNA8aIDxf0GLsRh1cKYhB00Gd1lDOS4yGH69+SNn13+TWbVHETFQ=="],

    "deepmerge": ["deepmerge@4.3.1", "", {}, "sha512-3sUqbMEc77XqpdNO7FRyRog+eW3ph+GYCbj+rK+uYyRMuwsVy0rMiVtPn+QJlKFvWP/1PYpapqYn0Me2knFn+A=="],

    "defu": ["defu@6.1.4", "", {}, "sha512-mEQCMmwJu317oSz8CwdIOdwf3xMif1ttiM8LTufzc3g6kR+9Pe236twL8j3IYT1F7GfRgGcW6MWxzZjLIkuHIg=="],

    "dom-serializer": ["dom-serializer@2.0.0", "", { "dependencies": { "domelementtype": "^2.3.0", "domhandler": "^5.0.2", "entities": "^4.2.0" } }, "sha512-wIkAryiqt/nV5EQKqQpo3SToSOV9J0DnbJqwK7Wv/Trc92zIAYZ4FlMu+JPFW1DfGFt81ZTCGgDEabffXeLyJg=="],

    "domelementtype": ["domelementtype@2.3.0", "", {}, "sha512-OLETBj6w0OsagBwdXnPdN0cnMfF9opN69co+7ZrbfPGrdpPVNBUj02spi6B1N7wChLQiPn4CSH/zJvXw56gmHw=="],

    "domhandler": ["domhandler@5.0.3", "", { "dependencies": { "domelementtype": "^2.3.0" } }, "sha512-cgwlv/1iFQiFnU96XXgROh8xTeetsnJiDsTc7TYCLFd9+/WNkIqPTxiM/8pSd8VIrhXGTf1Ny1q1hquVqDJB5w=="],

    "domutils": ["domutils@3.2.2", "", { "dependencies": { "dom-serializer": "^2.0.0", "domelementtype": "^2.3.0", "domhandler": "^5.0.3" } }, "sha512-6kZKyUajlDuqlHKVX1w7gyslj9MPIXzIFiz/rGu35uC1wMi+kMhQwGhl4lt9unC9Vb9INnY9Z3/ZA3+FhASLaw=="],

    "electron-to-chromium": ["electron-to-chromium@1.5.167", "", {}, "sha512-LxcRvnYO5ez2bMOFpbuuVuAI5QNeY1ncVytE/KXaL6ZNfzX1yPlAO0nSOyIHx2fVAuUprMqPs/TdVhUFZy7SIQ=="],

    "entities": ["entities@4.5.0", "", {}, "sha512-V0hjH4dGPh9Ao5p0MoRY6BVqtwCjhz6vI5LT8AJ55H+4g9/4vbHx1I54fS0XuclLhDHArPQCiMjDxjaL8fPxhw=="],

    "esbuild": ["esbuild@0.25.5", "", { "optionalDependencies": { "@esbuild/aix-ppc64": "0.25.5", "@esbuild/android-arm": "0.25.5", "@esbuild/android-arm64": "0.25.5", "@esbuild/android-x64": "0.25.5", "@esbuild/darwin-arm64": "0.25.5", "@esbuild/darwin-x64": "0.25.5", "@esbuild/freebsd-arm64": "0.25.5", "@esbuild/freebsd-x64": "0.25.5", "@esbuild/linux-arm": "0.25.5", "@esbuild/linux-arm64": "0.25.5", "@esbuild/linux-ia32": "0.25.5", "@esbuild/linux-loong64": "0.25.5", "@esbuild/linux-mips64el": "0.25.5", "@esbuild/linux-ppc64": "0.25.5", "@esbuild/linux-riscv64": "0.25.5", "@esbuild/linux-s390x": "0.25.5", "@esbuild/linux-x64": "0.25.5", "@esbuild/netbsd-arm64": "0.25.5", "@esbuild/netbsd-x64": "0.25.5", "@esbuild/openbsd-arm64": "0.25.5", "@esbuild/openbsd-x64": "0.25.5", "@esbuild/sunos-x64": "0.25.5", "@esbuild/win32-arm64": "0.25.5", "@esbuild/win32-ia32": "0.25.5", "@esbuild/win32-x64": "0.25.5" }, "bin": { "esbuild": "bin/esbuild" } }, "sha512-P8OtKZRv/5J5hhz0cUAdu/cLuPIKXpQl1R9pZtvmHWQvrAUVd0UNIPT4IB4W3rNOqVO0rlqHmCIbSwxh/c9yUQ=="],

    "escalade": ["escalade@3.2.0", "", {}, "sha512-WUj2qlxaQtO4g6Pq5c29GTcWGDyd8itL8zTlipgECz3JesAiiOKotd8JU6otB3PACgG6xkJUyVhboMS+bje/jA=="],

    "estree-walker": ["estree-walker@2.0.2", "", {}, "sha512-Rfkk/Mp/DL7JVje3u18FxFujQlTNR2q6QfMSMB7AvCBx91NGj/ba3kCfza0f6dVDbw7YlRf/nDrn7pQrCCyQ/w=="],

    "exsolve": ["exsolve@1.0.5", "", {}, "sha512-pz5dvkYYKQ1AHVrgOzBKWeP4u4FRb3a6DNK2ucr0OoNwYIU4QWsJ+NM36LLzORT+z845MzKHHhpXiUF5nvQoJg=="],

    "fdir": ["fdir@6.4.6", "", { "peerDependencies": { "picomatch": "^3 || ^4" }, "optionalPeers": ["picomatch"] }, "sha512-hiFoqpyZcfNm1yc4u8oWCf9A2c4D3QjCrks3zmoVKVxpQRzmPNar1hUJcBG2RQHvEVGDN+Jm81ZheVLAQMK6+w=="],

    "fix-dts-default-cjs-exports": ["fix-dts-default-cjs-exports@1.0.1", "", { "dependencies": { "magic-string": "^0.30.17", "mlly": "^1.7.4", "rollup": "^4.34.8" } }, "sha512-pVIECanWFC61Hzl2+oOCtoJ3F17kglZC/6N94eRWycFgBH35hHx0Li604ZIzhseh97mf2p0cv7vVrOZGoqhlEg=="],

    "fraction.js": ["fraction.js@4.3.7", "", {}, "sha512-ZsDfxO51wGAXREY55a7la9LScWpwv9RxIrYABrlvOFBlH/ShPnrtsXeuUIfXKKOVicNxQ+o8JTbJvjS4M89yew=="],

    "fsevents": ["fsevents@2.3.3", "", { "os": "darwin" }, "sha512-5xoDfX+fL7faATnagmWPpbFtwh/R77WmMMqqHGS65C3vvB0YHrgF+B1YmZ3441tMj5n63k0212XNoJwzlhffQw=="],

    "function-bind": ["function-bind@1.1.2", "", {}, "sha512-7XHNxH7qX9xG5mIwxkhumTox/MIRNcOgDrxWsMt2pAr23WHp6MrRlN7FBSFpCpr+oVO0F744iUgR82nJMfG2SA=="],

    "hasown": ["hasown@2.0.2", "", { "dependencies": { "function-bind": "^1.1.2" } }, "sha512-0hJU9SCPvmMzIBdZFqNPXWa6dqh7WdH0cII9y+CyS8rG3nL48Bclra9HmKhVVUHyPWNH5Y7xDwAB7bfgSjkUMQ=="],

    "hookable": ["hookable@5.5.3", "", {}, "sha512-Yc+BQe8SvoXH1643Qez1zqLRmbA5rCL+sSmk6TVos0LWVfNIB7PGncdlId77WzLGSIB5KaWgTaNTs2lNVEI6VQ=="],

    "is-core-module": ["is-core-module@2.16.1", "", { "dependencies": { "hasown": "^2.0.2" } }, "sha512-UfoeMA6fIJ8wTYFEUjelnaGI67v6+N7qXJEvQuIGa99l4xsCruSYOVSQ0uPANn4dAzm8lkYPaKLrrijLq7x23w=="],

    "is-module": ["is-module@1.0.0", "", {}, "sha512-51ypPSPCoTEIN9dy5Oy+h4pShgJmPCygKfyRCISBI+JoWT/2oJvK8QPxmwv7b/p239jXrm9M1mlQbyKJ5A152g=="],

    "is-reference": ["is-reference@1.2.1", "", { "dependencies": { "@types/estree": "*" } }, "sha512-U82MsXXiFIrjCK4otLT+o2NA2Cd2g5MLoOVXUZjIOhLurrRxpEXzI8O0KZHr3IjLvlAH1kTPYSuqer5T9ZVBKQ=="],

    "jiti": ["jiti@2.4.2", "", { "bin": { "jiti": "lib/jiti-cli.mjs" } }, "sha512-rg9zJN+G4n2nfJl5MW3BMygZX56zKPNVEYYqq7adpmMh4Jn2QNEwhvQlFy6jPVdcod7txZtKHWnyZiA3a0zP7A=="],

    "js-tokens": ["js-tokens@4.0.0", "", {}, "sha512-RdJUflcE3cUzKiMqQgsCu06FPu9UdIJO0beYbPhHN4k6apgJtifcoCtT9bcxOpYBtpD2kCM6Sbzg4CausW/PKQ=="],

    "knitwork": ["knitwork@1.2.0", "", {}, "sha512-xYSH7AvuQ6nXkq42x0v5S8/Iry+cfulBz/DJQzhIyESdLD7425jXsPy4vn5cCXU+HhRN2kVw51Vd1K6/By4BQg=="],

    "lilconfig": ["lilconfig@3.1.3", "", {}, "sha512-/vlFKAoH5Cgt3Ie+JLhRbwOsCQePABiU3tJ1egGvyQ+33R/vcwM2Zl2QR/LzjsBeItPt3oSVXapn+m4nQDvpzw=="],

    "lodash.memoize": ["lodash.memoize@4.1.2", "", {}, "sha512-t7j+NzmgnQzTAYXcsHYLgimltOV1MXHtlOWf6GjL9Kj8GK5FInw5JotxvbOs+IvV1/Dzo04/fCGfLVs7aXb4Ag=="],

    "lodash.uniq": ["lodash.uniq@4.5.0", "", {}, "sha512-xfBaXQd9ryd9dlSDvnvI0lvxfLJlYAZzXomUYzLKtUeOQvOP5piqAWuGtrhWeqaXK9hhoM/iyJc5AV+XfsX3HQ=="],

    "magic-string": ["magic-string@0.30.17", "", { "dependencies": { "@jridgewell/sourcemap-codec": "^1.5.0" } }, "sha512-sNPKHvyjVf7gyjwS4xGTaW/mCnF8wnjtifKBEhxfZ7E/S8tQ0rssrwGNn6q8JH/ohItJfSQp9mBtQYuTlH5QnA=="],

    "mdn-data": ["mdn-data@2.0.30", "", {}, "sha512-GaqWWShW4kv/G9IEucWScBx9G1/vsFZZJUO+tD26M8J8z3Kw5RDQjaoZe03YAClgeS/SWPOcb4nkFBTEi5DUEA=="],

    "mkdist": ["mkdist@2.3.0", "", { "dependencies": { "autoprefixer": "^10.4.21", "citty": "^0.1.6", "cssnano": "^7.0.6", "defu": "^6.1.4", "esbuild": "^0.25.2", "jiti": "^1.21.7", "mlly": "^1.7.4", "pathe": "^2.0.3", "pkg-types": "^2.1.0", "postcss": "^8.5.3", "postcss-nested": "^7.0.2", "semver": "^7.7.1", "tinyglobby": "^0.2.12" }, "peerDependencies": { "sass": "^1.85.0", "typescript": ">=5.7.3", "vue": "^3.5.13", "vue-sfc-transformer": "^0.1.1", "vue-tsc": "^1.8.27 || ^2.0.21" }, "optionalPeers": ["sass", "typescript", "vue", "vue-sfc-transformer", "vue-tsc"], "bin": { "mkdist": "dist/cli.cjs" } }, "sha512-thkRk+pHdudjdZT3FJpPZ2+pncI6mGlH/B+KBVddlZj4MrFGW41sRIv1wZawZUHU8v7cttGaj+5nx8P+dG664A=="],

    "mlly": ["mlly@1.7.4", "", { "dependencies": { "acorn": "^8.14.0", "pathe": "^2.0.1", "pkg-types": "^1.3.0", "ufo": "^1.5.4" } }, "sha512-qmdSIPC4bDJXgZTCR7XosJiNKySV7O215tsPtDN9iEO/7q/76b/ijtgRu/+epFXSJhijtTCCGp3DWS549P3xKw=="],

    "nanoid": ["nanoid@3.3.11", "", { "bin": { "nanoid": "bin/nanoid.cjs" } }, "sha512-N8SpfPUnUp1bK+PMYW8qSWdl9U+wwNWI4QKxOYDy9JAro3WMX7p2OeVRF9v+347pnakNevPmiHhNmZ2HbFA76w=="],

    "node-releases": ["node-releases@2.0.19", "", {}, "sha512-xxOWJsBKtzAq7DY0J+DTzuz58K8e7sJbdgwkbMWQe8UYB6ekmsQ45q0M/tJDsGaZmbC+l7n57UV8Hl5tHxO9uw=="],

    "normalize-range": ["normalize-range@0.1.2", "", {}, "sha512-bdok/XvKII3nUpklnV6P2hxtMNrCboOjAcyBuQnWEhO665FwrSNRxU+AqpsyvO6LgGYPspN+lu5CLtw4jPRKNA=="],

    "nth-check": ["nth-check@2.1.1", "", { "dependencies": { "boolbase": "^1.0.0" } }, "sha512-lqjrjmaOoAnWfMmBPL+XNnynZh2+swxiX3WUE0s4yEHI6m+AwrK2UZOimIRl3X/4QctVqS8AiZjFqyOGrMXb/w=="],

    "path-parse": ["path-parse@1.0.7", "", {}, "sha512-LDJzPVEEEPR+y48z93A0Ed0yXb8pAByGWo/k5YYdYgpY2/2EsOsksJrq7lOHxryrVOn1ejG6oAp8ahvOIQD8sw=="],

    "pathe": ["pathe@2.0.3", "", {}, "sha512-WUjGcAqP1gQacoQe+OBJsFA7Ld4DyXuUIjZ5cc75cLHvJ7dtNsTugphxIADwspS+AraAUePCKrSVtPLFj/F88w=="],

    "picocolors": ["picocolors@1.1.1", "", {}, "sha512-xceH2snhtb5M9liqDsmEw56le376mTZkEX/jEb/RxNFyegNul7eNslCXP9FDj/Lcu0X8KEyMceP2ntpaHrDEVA=="],

    "picomatch": ["picomatch@4.0.2", "", {}, "sha512-M7BAV6Rlcy5u+m6oPhAPFgJTzAioX/6B0DxyvDlo9l8+T3nLKbrczg2WLUyzd45L8RqfUMyGPzekbMvX2Ldkwg=="],

    "pkg-types": ["pkg-types@2.1.0", "", { "dependencies": { "confbox": "^0.2.1", "exsolve": "^1.0.1", "pathe": "^2.0.3" } }, "sha512-wmJwA+8ihJixSoHKxZJRBQG1oY8Yr9pGLzRmSsNms0iNWyHHAlZCa7mmKiFR10YPZuz/2k169JiS/inOjBCZ2A=="],

    "postcss": ["postcss@8.5.5", "", { "dependencies": { "nanoid": "^3.3.11", "picocolors": "^1.1.1", "source-map-js": "^1.2.1" } }, "sha512-d/jtm+rdNT8tpXuHY5MMtcbJFBkhXE6593XVR9UoGCH8jSFGci7jGvMGH5RYd5PBJW+00NZQt6gf7CbagJCrhg=="],

    "postcss-calc": ["postcss-calc@10.1.1", "", { "dependencies": { "postcss-selector-parser": "^7.0.0", "postcss-value-parser": "^4.2.0" }, "peerDependencies": { "postcss": "^8.4.38" } }, "sha512-NYEsLHh8DgG/PRH2+G9BTuUdtf9ViS+vdoQ0YA5OQdGsfN4ztiwtDWNtBl9EKeqNMFnIu8IKZ0cLxEQ5r5KVMw=="],

    "postcss-colormin": ["postcss-colormin@7.0.3", "", { "dependencies": { "browserslist": "^4.24.5", "caniuse-api": "^3.0.0", "colord": "^2.9.3", "postcss-value-parser": "^4.2.0" }, "peerDependencies": { "postcss": "^8.4.32" } }, "sha512-xZxQcSyIVZbSsl1vjoqZAcMYYdnJsIyG8OvqShuuqf12S88qQboxxEy0ohNCOLwVPXTU+hFHvJPACRL2B5ohTA=="],

    "postcss-convert-values": ["postcss-convert-values@7.0.5", "", { "dependencies": { "browserslist": "^4.24.5", "postcss-value-parser": "^4.2.0" }, "peerDependencies": { "postcss": "^8.4.32" } }, "sha512-0VFhH8nElpIs3uXKnVtotDJJNX0OGYSZmdt4XfSfvOMrFw1jKfpwpZxfC4iN73CTM/MWakDEmsHQXkISYj4BXw=="],

    "postcss-discard-comments": ["postcss-discard-comments@7.0.4", "", { "dependencies": { "postcss-selector-parser": "^7.1.0" }, "peerDependencies": { "postcss": "^8.4.32" } }, "sha512-6tCUoql/ipWwKtVP/xYiFf1U9QgJ0PUvxN7pTcsQ8Ns3Fnwq1pU5D5s1MhT/XySeLq6GXNvn37U46Ded0TckWg=="],

    "postcss-discard-duplicates": ["postcss-discard-duplicates@7.0.2", "", { "peerDependencies": { "postcss": "^8.4.32" } }, "sha512-eTonaQvPZ/3i1ASDHOKkYwAybiM45zFIc7KXils4mQmHLqIswXD9XNOKEVxtTFnsmwYzF66u4LMgSr0abDlh5w=="],

    "postcss-discard-empty": ["postcss-discard-empty@7.0.1", "", { "peerDependencies": { "postcss": "^8.4.32" } }, "sha512-cFrJKZvcg/uxB6Ijr4l6qmn3pXQBna9zyrPC+sK0zjbkDUZew+6xDltSF7OeB7rAtzaaMVYSdbod+sZOCWnMOg=="],

    "postcss-discard-overridden": ["postcss-discard-overridden@7.0.1", "", { "peerDependencies": { "postcss": "^8.4.32" } }, "sha512-7c3MMjjSZ/qYrx3uc1940GSOzN1Iqjtlqe8uoSg+qdVPYyRb0TILSqqmtlSFuE4mTDECwsm397Ya7iXGzfF7lg=="],

    "postcss-merge-longhand": ["postcss-merge-longhand@7.0.5", "", { "dependencies": { "postcss-value-parser": "^4.2.0", "stylehacks": "^7.0.5" }, "peerDependencies": { "postcss": "^8.4.32" } }, "sha512-Kpu5v4Ys6QI59FxmxtNB/iHUVDn9Y9sYw66D6+SZoIk4QTz1prC4aYkhIESu+ieG1iylod1f8MILMs1Em3mmIw=="],

    "postcss-merge-rules": ["postcss-merge-rules@7.0.5", "", { "dependencies": { "browserslist": "^4.24.5", "caniuse-api": "^3.0.0", "cssnano-utils": "^5.0.1", "postcss-selector-parser": "^7.1.0" }, "peerDependencies": { "postcss": "^8.4.32" } }, "sha512-ZonhuSwEaWA3+xYbOdJoEReKIBs5eDiBVLAGpYZpNFPzXZcEE5VKR7/qBEQvTZpiwjqhhqEQ+ax5O3VShBj9Wg=="],

    "postcss-minify-font-values": ["postcss-minify-font-values@7.0.1", "", { "dependencies": { "postcss-value-parser": "^4.2.0" }, "peerDependencies": { "postcss": "^8.4.32" } }, "sha512-2m1uiuJeTplll+tq4ENOQSzB8LRnSUChBv7oSyFLsJRtUgAAJGP6LLz0/8lkinTgxrmJSPOEhgY1bMXOQ4ZXhQ=="],

    "postcss-minify-gradients": ["postcss-minify-gradients@7.0.1", "", { "dependencies": { "colord": "^2.9.3", "cssnano-utils": "^5.0.1", "postcss-value-parser": "^4.2.0" }, "peerDependencies": { "postcss": "^8.4.32" } }, "sha512-X9JjaysZJwlqNkJbUDgOclyG3jZEpAMOfof6PUZjPnPrePnPG62pS17CjdM32uT1Uq1jFvNSff9l7kNbmMSL2A=="],

    "postcss-minify-params": ["postcss-minify-params@7.0.3", "", { "dependencies": { "browserslist": "^4.24.5", "cssnano-utils": "^5.0.1", "postcss-value-parser": "^4.2.0" }, "peerDependencies": { "postcss": "^8.4.32" } }, "sha512-vUKV2+f5mtjewYieanLX0xemxIp1t0W0H/D11u+kQV/MWdygOO7xPMkbK+r9P6Lhms8MgzKARF/g5OPXhb8tgg=="],

    "postcss-minify-selectors": ["postcss-minify-selectors@7.0.5", "", { "dependencies": { "cssesc": "^3.0.0", "postcss-selector-parser": "^7.1.0" }, "peerDependencies": { "postcss": "^8.4.32" } }, "sha512-x2/IvofHcdIrAm9Q+p06ZD1h6FPcQ32WtCRVodJLDR+WMn8EVHI1kvLxZuGKz/9EY5nAmI6lIQIrpo4tBy5+ug=="],

    "postcss-nested": ["postcss-nested@7.0.2", "", { "dependencies": { "postcss-selector-parser": "^7.0.0" }, "peerDependencies": { "postcss": "^8.2.14" } }, "sha512-5osppouFc0VR9/VYzYxO03VaDa3e8F23Kfd6/9qcZTUI8P58GIYlArOET2Wq0ywSl2o2PjELhYOFI4W7l5QHKw=="],

    "postcss-normalize-charset": ["postcss-normalize-charset@7.0.1", "", { "peerDependencies": { "postcss": "^8.4.32" } }, "sha512-sn413ofhSQHlZFae//m9FTOfkmiZ+YQXsbosqOWRiVQncU2BA3daX3n0VF3cG6rGLSFVc5Di/yns0dFfh8NFgQ=="],

    "postcss-normalize-display-values": ["postcss-normalize-display-values@7.0.1", "", { "dependencies": { "postcss-value-parser": "^4.2.0" }, "peerDependencies": { "postcss": "^8.4.32" } }, "sha512-E5nnB26XjSYz/mGITm6JgiDpAbVuAkzXwLzRZtts19jHDUBFxZ0BkXAehy0uimrOjYJbocby4FVswA/5noOxrQ=="],

    "postcss-normalize-positions": ["postcss-normalize-positions@7.0.1", "", { "dependencies": { "postcss-value-parser": "^4.2.0" }, "peerDependencies": { "postcss": "^8.4.32" } }, "sha512-pB/SzrIP2l50ZIYu+yQZyMNmnAcwyYb9R1fVWPRxm4zcUFCY2ign7rcntGFuMXDdd9L2pPNUgoODDk91PzRZuQ=="],

    "postcss-normalize-repeat-style": ["postcss-normalize-repeat-style@7.0.1", "", { "dependencies": { "postcss-value-parser": "^4.2.0" }, "peerDependencies": { "postcss": "^8.4.32" } }, "sha512-NsSQJ8zj8TIDiF0ig44Byo3Jk9e4gNt9x2VIlJudnQQ5DhWAHJPF4Tr1ITwyHio2BUi/I6Iv0HRO7beHYOloYQ=="],

    "postcss-normalize-string": ["postcss-normalize-string@7.0.1", "", { "dependencies": { "postcss-value-parser": "^4.2.0" }, "peerDependencies": { "postcss": "^8.4.32" } }, "sha512-QByrI7hAhsoze992kpbMlJSbZ8FuCEc1OT9EFbZ6HldXNpsdpZr+YXC5di3UEv0+jeZlHbZcoCADgb7a+lPmmQ=="],

    "postcss-normalize-timing-functions": ["postcss-normalize-timing-functions@7.0.1", "", { "dependencies": { "postcss-value-parser": "^4.2.0" }, "peerDependencies": { "postcss": "^8.4.32" } }, "sha512-bHifyuuSNdKKsnNJ0s8fmfLMlvsQwYVxIoUBnowIVl2ZAdrkYQNGVB4RxjfpvkMjipqvbz0u7feBZybkl/6NJg=="],

    "postcss-normalize-unicode": ["postcss-normalize-unicode@7.0.3", "", { "dependencies": { "browserslist": "^4.24.5", "postcss-value-parser": "^4.2.0" }, "peerDependencies": { "postcss": "^8.4.32" } }, "sha512-EcoA29LvG3F+EpOh03iqu+tJY3uYYKzArqKJHxDhUYLa2u58aqGq16K6/AOsXD9yqLN8O6y9mmePKN5cx6krOw=="],

    "postcss-normalize-url": ["postcss-normalize-url@7.0.1", "", { "dependencies": { "postcss-value-parser": "^4.2.0" }, "peerDependencies": { "postcss": "^8.4.32" } }, "sha512-sUcD2cWtyK1AOL/82Fwy1aIVm/wwj5SdZkgZ3QiUzSzQQofrbq15jWJ3BA7Z+yVRwamCjJgZJN0I9IS7c6tgeQ=="],

    "postcss-normalize-whitespace": ["postcss-normalize-whitespace@7.0.1", "", { "dependencies": { "postcss-value-parser": "^4.2.0" }, "peerDependencies": { "postcss": "^8.4.32" } }, "sha512-vsbgFHMFQrJBJKrUFJNZ2pgBeBkC2IvvoHjz1to0/0Xk7sII24T0qFOiJzG6Fu3zJoq/0yI4rKWi7WhApW+EFA=="],

    "postcss-ordered-values": ["postcss-ordered-values@7.0.2", "", { "dependencies": { "cssnano-utils": "^5.0.1", "postcss-value-parser": "^4.2.0" }, "peerDependencies": { "postcss": "^8.4.32" } }, "sha512-AMJjt1ECBffF7CEON/Y0rekRLS6KsePU6PRP08UqYW4UGFRnTXNrByUzYK1h8AC7UWTZdQ9O3Oq9kFIhm0SFEw=="],

    "postcss-reduce-initial": ["postcss-reduce-initial@7.0.3", "", { "dependencies": { "browserslist": "^4.24.5", "caniuse-api": "^3.0.0" }, "peerDependencies": { "postcss": "^8.4.32" } }, "sha512-RFvkZaqiWtGMlVjlUHpaxGqEL27lgt+Q2Ixjf83CRAzqdo+TsDyGPtJUbPx2MuYIJ+sCQc2TrOvRnhcXQfgIVA=="],

    "postcss-reduce-transforms": ["postcss-reduce-transforms@7.0.1", "", { "dependencies": { "postcss-value-parser": "^4.2.0" }, "peerDependencies": { "postcss": "^8.4.32" } }, "sha512-MhyEbfrm+Mlp/36hvZ9mT9DaO7dbncU0CvWI8V93LRkY6IYlu38OPg3FObnuKTUxJ4qA8HpurdQOo5CyqqO76g=="],

    "postcss-selector-parser": ["postcss-selector-parser@7.1.0", "", { "dependencies": { "cssesc": "^3.0.0", "util-deprecate": "^1.0.2" } }, "sha512-8sLjZwK0R+JlxlYcTuVnyT2v+htpdrjDOKuMcOVdYjt52Lh8hWRYpxBPoKx/Zg+bcjc3wx6fmQevMmUztS/ccA=="],

    "postcss-svgo": ["postcss-svgo@7.0.2", "", { "dependencies": { "postcss-value-parser": "^4.2.0", "svgo": "^3.3.2" }, "peerDependencies": { "postcss": "^8.4.32" } }, "sha512-5Dzy66JlnRM6pkdOTF8+cGsB1fnERTE8Nc+Eed++fOWo1hdsBptCsbG8UuJkgtZt75bRtMJIrPeZmtfANixdFA=="],

    "postcss-unique-selectors": ["postcss-unique-selectors@7.0.4", "", { "dependencies": { "postcss-selector-parser": "^7.1.0" }, "peerDependencies": { "postcss": "^8.4.32" } }, "sha512-pmlZjsmEAG7cHd7uK3ZiNSW6otSZ13RHuZ/4cDN/bVglS5EpF2r2oxY99SuOHa8m7AWoBCelTS3JPpzsIs8skQ=="],

    "postcss-value-parser": ["postcss-value-parser@4.2.0", "", {}, "sha512-1NNCs6uurfkVbeXG4S8JFT9t19m45ICnif8zWLd5oPSZ50QnwMfK+H3jv408d4jw/7Bttv5axS5IiHoLaVNHeQ=="],

    "pretty-bytes": ["pretty-bytes@6.1.1", "", {}, "sha512-mQUvGU6aUFQ+rNvTIAcZuWGRT9a6f6Yrg9bHs4ImKF+HZCEK+plBvnAZYSIQztknZF2qnzNtr6F8s0+IuptdlQ=="],

    "resolve": ["resolve@1.22.10", "", { "dependencies": { "is-core-module": "^2.16.0", "path-parse": "^1.0.7", "supports-preserve-symlinks-flag": "^1.0.0" }, "bin": { "resolve": "bin/resolve" } }, "sha512-NPRy+/ncIMeDlTAsuqwKIiferiawhefFJtkNSW0qZJEqMEb+qBt/77B/jGeeek+F0uOeN05CDa6HXbbIgtVX4w=="],

    "rollup": ["rollup@4.43.0", "", { "dependencies": { "@types/estree": "1.0.7" }, "optionalDependencies": { "@rollup/rollup-android-arm-eabi": "4.43.0", "@rollup/rollup-android-arm64": "4.43.0", "@rollup/rollup-darwin-arm64": "4.43.0", "@rollup/rollup-darwin-x64": "4.43.0", "@rollup/rollup-freebsd-arm64": "4.43.0", "@rollup/rollup-freebsd-x64": "4.43.0", "@rollup/rollup-linux-arm-gnueabihf": "4.43.0", "@rollup/rollup-linux-arm-musleabihf": "4.43.0", "@rollup/rollup-linux-arm64-gnu": "4.43.0", "@rollup/rollup-linux-arm64-musl": "4.43.0", "@rollup/rollup-linux-loongarch64-gnu": "4.43.0", "@rollup/rollup-linux-powerpc64le-gnu": "4.43.0", "@rollup/rollup-linux-riscv64-gnu": "4.43.0", "@rollup/rollup-linux-riscv64-musl": "4.43.0", "@rollup/rollup-linux-s390x-gnu": "4.43.0", "@rollup/rollup-linux-x64-gnu": "4.43.0", "@rollup/rollup-linux-x64-musl": "4.43.0", "@rollup/rollup-win32-arm64-msvc": "4.43.0", "@rollup/rollup-win32-ia32-msvc": "4.43.0", "@rollup/rollup-win32-x64-msvc": "4.43.0", "fsevents": "~2.3.2" }, "bin": { "rollup": "dist/bin/rollup" } }, "sha512-wdN2Kd3Twh8MAEOEJZsuxuLKCsBEo4PVNLK6tQWAn10VhsVewQLzcucMgLolRlhFybGxfclbPeEYBaP6RvUFGg=="],

    "rollup-plugin-dts": ["rollup-plugin-dts@6.2.1", "", { "dependencies": { "magic-string": "^0.30.17" }, "optionalDependencies": { "@babel/code-frame": "^7.26.2" }, "peerDependencies": { "rollup": "^3.29.4 || ^4", "typescript": "^4.5 || ^5.0" } }, "sha512-sR3CxYUl7i2CHa0O7bA45mCrgADyAQ0tVtGSqi3yvH28M+eg1+g5d7kQ9hLvEz5dorK3XVsH5L2jwHLQf72DzA=="],

    "scule": ["scule@1.3.0", "", {}, "sha512-6FtHJEvt+pVMIB9IBY+IcCJ6Z5f1iQnytgyfKMhDKgmzYG+TeH/wx1y3l27rshSbLiSanrR9ffZDrEsmjlQF2g=="],

    "semver": ["semver@7.7.2", "", { "bin": { "semver": "bin/semver.js" } }, "sha512-RF0Fw+rO5AMf9MAyaRXI4AV0Ulj5lMHqVxxdSgiVbixSCXoEmmX/jk0CuJw4+3SqroYO9VoUh+HcuJivvtJemA=="],

    "source-map-js": ["source-map-js@1.2.1", "", {}, "sha512-UXWMKhLOwVKb728IUtQPXxfYU+usdybtUrK/8uGE8CQMvrhOpwvzDBwj0QhSL7MQc7vIsISBG8VQ8+IDQxpfQA=="],

    "stylehacks": ["stylehacks@7.0.5", "", { "dependencies": { "browserslist": "^4.24.5", "postcss-selector-parser": "^7.1.0" }, "peerDependencies": { "postcss": "^8.4.32" } }, "sha512-5kNb7V37BNf0Q3w+1pxfa+oiNPS++/b4Jil9e/kPDgrk1zjEd6uR7SZeJiYaLYH6RRSC1XX2/37OTeU/4FvuIA=="],

    "supports-preserve-symlinks-flag": ["supports-preserve-symlinks-flag@1.0.0", "", {}, "sha512-ot0WnXS9fgdkgIcePe6RHNk1WA8+muPa6cSjeR3V8K27q9BB1rTE3R1p7Hv0z1ZyAc8s6Vvv8DIyWf681MAt0w=="],

    "svgo": ["svgo@3.3.2", "", { "dependencies": { "@trysound/sax": "0.2.0", "commander": "^7.2.0", "css-select": "^5.1.0", "css-tree": "^2.3.1", "css-what": "^6.1.0", "csso": "^5.0.5", "picocolors": "^1.0.0" }, "bin": "./bin/svgo" }, "sha512-OoohrmuUlBs8B8o6MB2Aevn+pRIH9zDALSR+6hhqVfa6fRwG/Qw9VUMSMW9VNg2CFc/MTIfabtdOVl9ODIJjpw=="],

    "tinyglobby": ["tinyglobby@0.2.14", "", { "dependencies": { "fdir": "^6.4.4", "picomatch": "^4.0.2" } }, "sha512-tX5e7OM1HnYr2+a2C/4V0htOcSQcoSTH9KgJnVvNm5zm/cyEWKJ7j7YutsH9CxMdtOkkLFy2AHrMci9IM8IPZQ=="],

    "typescript": ["typescript@5.8.3", "", { "bin": { "tsc": "bin/tsc", "tsserver": "bin/tsserver" } }, "sha512-p1diW6TqL9L07nNxvRMM7hMMw4c5XOo/1ibL4aAIGmSAt9slTE1Xgw5KWuof2uTOvCg9BY7ZRi+GaF+7sfgPeQ=="],

    "ufo": ["ufo@1.6.1", "", {}, "sha512-9a4/uxlTWJ4+a5i0ooc1rU7C7YOw3wT+UGqdeNNHWnOF9qcMBgLRS+4IYUqbczewFx4mLEig6gawh7X6mFlEkA=="],

    "unbuild": ["unbuild@3.5.0", "", { "dependencies": { "@rollup/plugin-alias": "^5.1.1", "@rollup/plugin-commonjs": "^28.0.2", "@rollup/plugin-json": "^6.1.0", "@rollup/plugin-node-resolve": "^16.0.0", "@rollup/plugin-replace": "^6.0.2", "@rollup/pluginutils": "^5.1.4", "citty": "^0.1.6", "consola": "^3.4.0", "defu": "^6.1.4", "esbuild": "^0.25.0", "fix-dts-default-cjs-exports": "^1.0.0", "hookable": "^5.5.3", "jiti": "^2.4.2", "magic-string": "^0.30.17", "mkdist": "^2.2.0", "mlly": "^1.7.4", "pathe": "^2.0.3", "pkg-types": "^2.0.0", "pretty-bytes": "^6.1.1", "rollup": "^4.34.8", "rollup-plugin-dts": "^6.1.1", "scule": "^1.3.0", "tinyglobby": "^0.2.12", "untyped": "^2.0.0" }, "peerDependencies": { "typescript": "^5.7.3" }, "optionalPeers": ["typescript"], "bin": { "unbuild": "dist/cli.mjs" } }, "sha512-DPFttsiADnHRb/K+yJ9r9jdn6JyXlsmdT0S12VFC14DFSJD+cxBnHq+v0INmqqPVPxOoUjvJFYUVIb02rWnVeA=="],

    "undici-types": ["undici-types@7.8.0", "", {}, "sha512-9UJ2xGDvQ43tYyVMpuHlsgApydB8ZKfVYTsLDhXkFL/6gfkp+U8xTGdh8pMJv1SpZna0zxG1DwsKZsreLbXBxw=="],

    "untyped": ["untyped@2.0.0", "", { "dependencies": { "citty": "^0.1.6", "defu": "^6.1.4", "jiti": "^2.4.2", "knitwork": "^1.2.0", "scule": "^1.3.0" }, "bin": { "untyped": "dist/cli.mjs" } }, "sha512-nwNCjxJTjNuLCgFr42fEak5OcLuB3ecca+9ksPFNvtfYSLpjf+iJqSIaSnIile6ZPbKYxI5k2AfXqeopGudK/g=="],

    "update-browserslist-db": ["update-browserslist-db@1.1.3", "", { "dependencies": { "escalade": "^3.2.0", "picocolors": "^1.1.1" }, "peerDependencies": { "browserslist": ">= 4.21.0" }, "bin": { "update-browserslist-db": "cli.js" } }, "sha512-UxhIZQ+QInVdunkDAaiazvvT/+fXL5Osr0JZlJulepYu6Jd7qJtDZjlur0emRlT71EN3ScPoE7gvsuIKKNavKw=="],

    "util-deprecate": ["util-deprecate@1.0.2", "", {}, "sha512-EPD5q1uXyFxJpCrLnCc1nHnq3gOa6DZBocAIiI2TaSCA7VCJ1UJDMagCzIkXNsUYfD1daK//LTEQ8xiIbrHtcw=="],

    "csso/css-tree": ["css-tree@2.2.1", "", { "dependencies": { "mdn-data": "2.0.28", "source-map-js": "^1.0.1" } }, "sha512-OA0mILzGc1kCOCSJerOeqDxDQ4HOh+G8NbOJFOTgOCzpw7fCBubk0fEyxp8AgOL/jvLgYA/uV0cMbe43ElF1JA=="],

    "mkdist/jiti": ["jiti@1.21.7", "", { "bin": { "jiti": "bin/jiti.js" } }, "sha512-/imKNG4EbWNrVjoNC/1H5/9GFy+tqjGBHCaSsN+P2RnPqjsLmv6UD3Ej+Kj8nBWaRAwyk7kK5ZUc+OEatnTR3A=="],

    "mlly/pkg-types": ["pkg-types@1.3.1", "", { "dependencies": { "confbox": "^0.1.8", "mlly": "^1.7.4", "pathe": "^2.0.1" } }, "sha512-/Jm5M4RvtBFVkKWRu2BLUTNP8/M2a+UwuAX+ae4770q1qVGtfjG+WTCupoZixokjmHiry8uI+dlY8KXYV5HVVQ=="],

    "csso/css-tree/mdn-data": ["mdn-data@2.0.28", "", {}, "sha512-aylIc7Z9y4yzHYAJNuESG3hfhC+0Ibp/MAMiaOZgNv4pmEdFyfZhhhny4MNiAfWdBQ1RQ2mfDWmM1x8SvGyp8g=="],

    "mlly/pkg-types/confbox": ["confbox@0.1.8", "", {}, "sha512-RMtmw0iFkeR4YV+fUOSucriAQNb9g8zFR52MWCtl+cCZOFRNL6zeB395vPzFhEjjn4fMxXudmELnl/KF/WrK6w=="],
  }
}
